
Microsoft Visual Studio Solution File, Format Version 12.00
# Visual Studio Version 17
VisualStudioVersion = 17.8.34330.188
MinimumVisualStudioVersion = 10.0.40219.1
Project("{9A19103F-16F7-4668-BE54-9A1E7A4F7556}") = "AutomotiveForumSystem", "AutomotiveForumSystem\AutomotiveForumSystem.csproj", "{F12498EF-9717-46B8-80E4-C6F265EC6194}"
EndProject
Project("{FAE04EC0-301F-11D3-BF4B-00C04F79EFBC}") = "AutomotiveForumSystem.Tests", "AutomotiveForumSystem.Tests\AutomotiveForumSystem.Tests.csproj", "{C0937F45-AB9D-4980-89DE-F9D34F605995}"
EndProject
Global
	GlobalSection(SolutionConfigurationPlatforms) = preSolution
		Debug|Any CPU = Debug|Any CPU
		Release|Any CPU = Release|Any CPU
	EndGlobalSection
	GlobalSection(ProjectConfigurationPlatforms) = postSolution
		{F12498EF-9717-46B8-80E4-C6F265EC6194}.Debug|Any CPU.ActiveCfg = Debug|Any CPU
		{F12498EF-9717-46B8-80E4-C6F265EC6194}.Debug|Any CPU.Build.0 = Debug|Any CPU
		{F12498EF-9717-46B8-80E4-C6F265EC6194}.Release|Any CPU.ActiveCfg = Release|Any CPU
		{F12498EF-9717-46B8-80E4-C6F265EC6194}.Release|Any CPU.Build.0 = Release|Any CPU
		{C0937F45-AB9D-4980-89DE-F9D34F605995}.Debug|Any CPU.ActiveCfg = Debug|Any CPU
		{C0937F45-AB9D-4980-89DE-F9D34F605995}.Debug|Any CPU.Build.0 = Debug|Any CPU
		{C0937F45-AB9D-4980-89DE-F9D34F605995}.Release|Any CPU.ActiveCfg = Release|Any CPU
		{C0937F45-AB9D-4980-89DE-F9D34F605995}.Release|Any CPU.Build.0 = Release|Any CPU
	EndGlobalSection
	GlobalSection(SolutionProperties) = preSolution
		HideSolutionNode = FALSE
	EndGlobalSection
	GlobalSection(ExtensibilityGlobals) = postSolution
		SolutionGuid = {8F2BDA5A-F755-4B77-8506-170185C44076}
	EndGlobalSection
EndGlobal
